
Microsoft Visual Studio Solution File, Format Version 12.00
# Visual Studio 15
VisualStudioVersion = 15.0.27428.2002
MinimumVisualStudioVersion = 10.0.40219.1
Project("{FAE04EC0-301F-11D3-BF4B-00C04F79EFBC}") = "TodoListService", "TodoListService\TodoListService.csproj", "{7C773CA3-EF31-48E4-946E-CEC6DABCCC12}"
EndProject
Project("{FAE04EC0-301F-11D3-BF4B-00C04F79EFBC}") = "TodoListClient", "TodoListClient\TodoListClient.csproj", "{896A3D86-AF6B-46E6-A7AE-EEAEEF44B8ED}"
EndProject
Global
	GlobalSection(SolutionConfigurationPlatforms) = preSolution
		Debug|Any CPU = Debug|Any CPU
		Release|Any CPU = Release|Any CPU
	EndGlobalSection
	GlobalSection(ProjectConfigurationPlatforms) = postSolution
		{7C773CA3-EF31-48E4-946E-CEC6DABCCC12}.Debug|Any CPU.ActiveCfg = Debug|Any CPU
		{7C773CA3-EF31-48E4-946E-CEC6DABCCC12}.Debug|Any CPU.Build.0 = Debug|Any CPU
		{7C773CA3-EF31-48E4-946E-CEC6DABCCC12}.Release|Any CPU.ActiveCfg = Release|Any CPU
		{7C773CA3-EF31-48E4-946E-CEC6DABCCC12}.Release|Any CPU.Build.0 = Release|Any CPU
		{896A3D86-AF6B-46E6-A7AE-EEAEEF44B8ED}.Debug|Any CPU.ActiveCfg = Debug|Any CPU
		{896A3D86-AF6B-46E6-A7AE-EEAEEF44B8ED}.Debug|Any CPU.Build.0 = Debug|Any CPU
		{896A3D86-AF6B-46E6-A7AE-EEAEEF44B8ED}.Release|Any CPU.ActiveCfg = Release|Any CPU
		{896A3D86-AF6B-46E6-A7AE-EEAEEF44B8ED}.Release|Any CPU.Build.0 = Release|Any CPU
	EndGlobalSection
	GlobalSection(SolutionProperties) = preSolution
		HideSolutionNode = FALSE
	EndGlobalSection
	GlobalSection(ExtensibilityGlobals) = postSolution
		SolutionGuid = {AF495C93-D678-47CB-B217-7A1C4149FD8A}
	EndGlobalSection
EndGlobal
